// !$*UTF8*$!
{
	archiveVersion = 1;
	classes = {
	};
	objectVersion = 46;
	objects = {

/* Begin PBXBuildFile section */
		251E93E91C156E8800894F8C /* AppDelegate.swift in Sources */ = {isa = PBXBuildFile; fileRef = 251E93E81C156E8800894F8C /* AppDelegate.swift */; };
		251E93EB1C156E8800894F8C /* FirstViewController.swift in Sources */ = {isa = PBXBuildFile; fileRef = 251E93EA1C156E8800894F8C /* FirstViewController.swift */; };
		251E93ED1C156E8800894F8C /* SecondViewController.swift in Sources */ = {isa = PBXBuildFile; fileRef = 251E93EC1C156E8800894F8C /* SecondViewController.swift */; };
		251E93F01C156E8800894F8C /* Main.storyboard in Resources */ = {isa = PBXBuildFile; fileRef = 251E93EE1C156E8800894F8C /* Main.storyboard */; };
		251E93F21C156E8800894F8C /* Assets.xcassets in Resources */ = {isa = PBXBuildFile; fileRef = 251E93F11C156E8800894F8C /* Assets.xcassets */; };
		251E93F51C156E8800894F8C /* LaunchScreen.storyboard in Resources */ = {isa = PBXBuildFile; fileRef = 251E93F31C156E8800894F8C /* LaunchScreen.storyboard */; };
		251E94001C156E8800894F8C /* PHPHubTests.swift in Sources */ = {isa = PBXBuildFile; fileRef = 251E93FF1C156E8800894F8C /* PHPHubTests.swift */; };
		251E940F1C15B4FD00894F8C /* Me.storyboard in Resources */ = {isa = PBXBuildFile; fileRef = 251E940E1C15B4FD00894F8C /* Me.storyboard */; };
		6DDCE3C0C75815B4239B1EB2 /* Pods_PHPHub.framework in Frameworks */ = {isa = PBXBuildFile; fileRef = B1778C7C86A4B30F7DD48137 /* Pods_PHPHub.framework */; };
/* End PBXBuildFile section */

/* Begin PBXContainerItemProxy section */
		251E93FC1C156E8800894F8C /* PBXContainerItemProxy */ = {
			isa = PBXContainerItemProxy;
			containerPortal = 251E93DD1C156E8800894F8C /* Project object */;
			proxyType = 1;
			remoteGlobalIDString = 251E93E41C156E8800894F8C;
			remoteInfo = PHPHub;
		};
/* End PBXContainerItemProxy section */

/* Begin PBXFileReference section */
		251E93E51C156E8800894F8C /* PHPHub.app */ = {isa = PBXFileReference; explicitFileType = wrapper.application; includeInIndex = 0; path = PHPHub.app; sourceTree = BUILT_PRODUCTS_DIR; };
		251E93E81C156E8800894F8C /* AppDelegate.swift */ = {isa = PBXFileReference; lastKnownFileType = sourcecode.swift; path = AppDelegate.swift; sourceTree = "<group>"; };
		251E93EA1C156E8800894F8C /* FirstViewController.swift */ = {isa = PBXFileReference; lastKnownFileType = sourcecode.swift; path = FirstViewController.swift; sourceTree = "<group>"; };
		251E93EC1C156E8800894F8C /* SecondViewController.swift */ = {isa = PBXFileReference; lastKnownFileType = sourcecode.swift; path = SecondViewController.swift; sourceTree = "<group>"; };
		251E93EF1C156E8800894F8C /* Base */ = {isa = PBXFileReference; lastKnownFileType = file.storyboard; name = Base; path = Base.lproj/Main.storyboard; sourceTree = "<group>"; };
		251E93F11C156E8800894F8C /* Assets.xcassets */ = {isa = PBXFileReference; lastKnownFileType = folder.assetcatalog; path = Assets.xcassets; sourceTree = "<group>"; };
		251E93F41C156E8800894F8C /* Base */ = {isa = PBXFileReference; lastKnownFileType = file.storyboard; name = Base; path = Base.lproj/LaunchScreen.storyboard; sourceTree = "<group>"; };
		251E93F61C156E8800894F8C /* Info.plist */ = {isa = PBXFileReference; lastKnownFileType = text.plist.xml; path = Info.plist; sourceTree = "<group>"; };
		251E93FB1C156E8800894F8C /* PHPHubTests.xctest */ = {isa = PBXFileReference; explicitFileType = wrapper.cfbundle; includeInIndex = 0; path = PHPHubTests.xctest; sourceTree = BUILT_PRODUCTS_DIR; };
		251E93FF1C156E8800894F8C /* PHPHubTests.swift */ = {isa = PBXFileReference; lastKnownFileType = sourcecode.swift; path = PHPHubTests.swift; sourceTree = "<group>"; };
		251E94011C156E8800894F8C /* Info.plist */ = {isa = PBXFileReference; lastKnownFileType = text.plist.xml; path = Info.plist; sourceTree = "<group>"; };
		251E940E1C15B4FD00894F8C /* Me.storyboard */ = {isa = PBXFileReference; fileEncoding = 4; lastKnownFileType = file.storyboard; name = Me.storyboard; path = Views/Me/Me.storyboard; sourceTree = "<group>"; };
		6787A7C6A353DD2C1941C434 /* Pods-PHPHub.debug.xcconfig */ = {isa = PBXFileReference; includeInIndex = 1; lastKnownFileType = text.xcconfig; name = "Pods-PHPHub.debug.xcconfig"; path = "Pods/Target Support Files/Pods-PHPHub/Pods-PHPHub.debug.xcconfig"; sourceTree = "<group>"; };
		894CC7717934CE3DAFCF95F7 /* Pods-PHPHub.release.xcconfig */ = {isa = PBXFileReference; includeInIndex = 1; lastKnownFileType = text.xcconfig; name = "Pods-PHPHub.release.xcconfig"; path = "Pods/Target Support Files/Pods-PHPHub/Pods-PHPHub.release.xcconfig"; sourceTree = "<group>"; };
		B1778C7C86A4B30F7DD48137 /* Pods_PHPHub.framework */ = {isa = PBXFileReference; explicitFileType = wrapper.framework; includeInIndex = 0; path = Pods_PHPHub.framework; sourceTree = BUILT_PRODUCTS_DIR; };
/* End PBXFileReference section */

/* Begin PBXFrameworksBuildPhase section */
		251E93E21C156E8800894F8C /* Frameworks */ = {
			isa = PBXFrameworksBuildPhase;
			buildActionMask = 2147483647;
			files = (
				6DDCE3C0C75815B4239B1EB2 /* Pods_PHPHub.framework in Frameworks */,
			);
			runOnlyForDeploymentPostprocessing = 0;
		};
		251E93F81C156E8800894F8C /* Frameworks */ = {
			isa = PBXFrameworksBuildPhase;
			buildActionMask = 2147483647;
			files = (
			);
			runOnlyForDeploymentPostprocessing = 0;
		};
/* End PBXFrameworksBuildPhase section */

/* Begin PBXGroup section */
		251E93DC1C156E8800894F8C = {
			isa = PBXGroup;
			children = (
				251E93E71C156E8800894F8C /* PHPHub */,
				251E93FE1C156E8800894F8C /* PHPHubTests */,
				251E93E61C156E8800894F8C /* Products */,
				992670432FF310FCECBE8369 /* Pods */,
				2EAFB8CA29B5E9826B59510C /* Frameworks */,
			);
			sourceTree = "<group>";
		};
		251E93E61C156E8800894F8C /* Products */ = {
			isa = PBXGroup;
			children = (
				251E93E51C156E8800894F8C /* PHPHub.app */,
				251E93FB1C156E8800894F8C /* PHPHubTests.xctest */,
			);
			name = Products;
			sourceTree = "<group>";
		};
		251E93E71C156E8800894F8C /* PHPHub */ = {
			isa = PBXGroup;
			children = (
				251E940B1C158EEC00894F8C /* Views */,
				251E940A1C158EAE00894F8C /* Common */,
				251E93E81C156E8800894F8C /* AppDelegate.swift */,
				251E93EA1C156E8800894F8C /* FirstViewController.swift */,
				251E93EC1C156E8800894F8C /* SecondViewController.swift */,
				251E93EE1C156E8800894F8C /* Main.storyboard */,
				251E93F11C156E8800894F8C /* Assets.xcassets */,
				251E93F31C156E8800894F8C /* LaunchScreen.storyboard */,
				251E93F61C156E8800894F8C /* Info.plist */,
			);
			path = PHPHub;
			sourceTree = "<group>";
		};
		251E93FE1C156E8800894F8C /* PHPHubTests */ = {
			isa = PBXGroup;
			children = (
				251E93FF1C156E8800894F8C /* PHPHubTests.swift */,
				251E94011C156E8800894F8C /* Info.plist */,
			);
			path = PHPHubTests;
			sourceTree = "<group>";
		};
		251E940A1C158EAE00894F8C /* Common */ = {
			isa = PBXGroup;
			children = (
			);
			name = Common;
			sourceTree = "<group>";
		};
		251E940B1C158EEC00894F8C /* Views */ = {
			isa = PBXGroup;
			children = (
				251E940D1C158F0400894F8C /* Topic */,
				251E940C1C158EF200894F8C /* Me */,
			);
			name = Views;
			sourceTree = "<group>";
		};
		251E940C1C158EF200894F8C /* Me */ = {
			isa = PBXGroup;
			children = (
				251E940E1C15B4FD00894F8C /* Me.storyboard */,
			);
			name = Me;
			sourceTree = "<group>";
		};
		251E940D1C158F0400894F8C /* Topic */ = {
			isa = PBXGroup;
			children = (
			);
			name = Topic;
			sourceTree = "<group>";
		};
		2EAFB8CA29B5E9826B59510C /* Frameworks */ = {
			isa = PBXGroup;
			children = (
				B1778C7C86A4B30F7DD48137 /* Pods_PHPHub.framework */,
			);
			name = Frameworks;
			sourceTree = "<group>";
		};
		992670432FF310FCECBE8369 /* Pods */ = {
			isa = PBXGroup;
			children = (
				6787A7C6A353DD2C1941C434 /* Pods-PHPHub.debug.xcconfig */,
				894CC7717934CE3DAFCF95F7 /* Pods-PHPHub.release.xcconfig */,
			);
			name = Pods;
			sourceTree = "<group>";
		};
/* End PBXGroup section */

/* Begin PBXNativeTarget section */
		251E93E41C156E8800894F8C /* PHPHub */ = {
			isa = PBXNativeTarget;
			buildConfigurationList = 251E94041C156E8800894F8C /* Build configuration list for PBXNativeTarget "PHPHub" */;
			buildPhases = (
				A5C9CB5C904AFADFCBE62C01 /* Check Pods Manifest.lock */,
				251E93E11C156E8800894F8C /* Sources */,
				251E93E21C156E8800894F8C /* Frameworks */,
				251E93E31C156E8800894F8C /* Resources */,
				C43277CC2F911C95C10F9AB7 /* Embed Pods Frameworks */,
				7E4FAE446BBA6E55161F4C4D /* Copy Pods Resources */,
			);
			buildRules = (
			);
			dependencies = (
			);
			name = PHPHub;
			productName = PHPHub;
			productReference = 251E93E51C156E8800894F8C /* PHPHub.app */;
			productType = "com.apple.product-type.application";
		};
		251E93FA1C156E8800894F8C /* PHPHubTests */ = {
			isa = PBXNativeTarget;
			buildConfigurationList = 251E94071C156E8800894F8C /* Build configuration list for PBXNativeTarget "PHPHubTests" */;
			buildPhases = (
				251E93F71C156E8800894F8C /* Sources */,
				251E93F81C156E8800894F8C /* Frameworks */,
				251E93F91C156E8800894F8C /* Resources */,
			);
			buildRules = (
			);
			dependencies = (
				251E93FD1C156E8800894F8C /* PBXTargetDependency */,
			);
			name = PHPHubTests;
			productName = PHPHubTests;
			productReference = 251E93FB1C156E8800894F8C /* PHPHubTests.xctest */;
			productType = "com.apple.product-type.bundle.unit-test";
		};
/* End PBXNativeTarget section */

/* Begin PBXProject section */
		251E93DD1C156E8800894F8C /* Project object */ = {
			isa = PBXProject;
			attributes = {
				LastSwiftUpdateCheck = 0710;
				LastUpgradeCheck = 0710;
				ORGANIZATIONNAME = ninerec;
				TargetAttributes = {
					251E93E41C156E8800894F8C = {
						CreatedOnToolsVersion = 7.1;
					};
					251E93FA1C156E8800894F8C = {
						CreatedOnToolsVersion = 7.1;
						TestTargetID = 251E93E41C156E8800894F8C;
					};
				};
			};
			buildConfigurationList = 251E93E01C156E8800894F8C /* Build configuration list for PBXProject "PHPHub" */;
			compatibilityVersion = "Xcode 3.2";
			developmentRegion = English;
			hasScannedForEncodings = 0;
			knownRegions = (
				en,
				Base,
			);
			mainGroup = 251E93DC1C156E8800894F8C;
			productRefGroup = 251E93E61C156E8800894F8C /* Products */;
			projectDirPath = "";
			projectRoot = "";
			targets = (
				251E93E41C156E8800894F8C /* PHPHub */,
				251E93FA1C156E8800894F8C /* PHPHubTests */,
			);
		};
/* End PBXProject section */

/* Begin PBXResourcesBuildPhase section */
		251E93E31C156E8800894F8C /* Resources */ = {
			isa = PBXResourcesBuildPhase;
			buildActionMask = 2147483647;
			files = (
				251E93F51C156E8800894F8C /* LaunchScreen.storyboard in Resources */,
				251E93F21C156E8800894F8C /* Assets.xcassets in Resources */,
				251E940F1C15B4FD00894F8C /* Me.storyboard in Resources */,
				251E93F01C156E8800894F8C /* Main.storyboard in Resources */,
			);
			runOnlyForDeploymentPostprocessing = 0;
		};
		251E93F91C156E8800894F8C /* Resources */ = {
			isa = PBXResourcesBuildPhase;
			buildActionMask = 2147483647;
			files = (
			);
			runOnlyForDeploymentPostprocessing = 0;
		};
/* End PBXResourcesBuildPhase section */

/* Begin PBXShellScriptBuildPhase section */
		7E4FAE446BBA6E55161F4C4D /* Copy Pods Resources */ = {
			isa = PBXShellScriptBuildPhase;
			buildActionMask = 2147483647;
			files = (
			);
			inputPaths = (
			);
			name = "Copy Pods Resources";
			outputPaths = (
			);
			runOnlyForDeploymentPostprocessing = 0;
			shellPath = /bin/sh;
			shellScript = "\"${SRCROOT}/Pods/Target Support Files/Pods-PHPHub/Pods-PHPHub-resources.sh\"\n";
			showEnvVarsInLog = 0;
		};
		A5C9CB5C904AFADFCBE62C01 /* Check Pods Manifest.lock */ = {
			isa = PBXShellScriptBuildPhase;
			buildActionMask = 2147483647;
			files = (
			);
			inputPaths = (
			);
			name = "Check Pods Manifest.lock";
			outputPaths = (
			);
			runOnlyForDeploymentPostprocessing = 0;
			shellPath = /bin/sh;
			shellScript = "diff \"${PODS_ROOT}/../Podfile.lock\" \"${PODS_ROOT}/Manifest.lock\" > /dev/null\nif [[ $? != 0 ]] ; then\n    cat << EOM\nerror: The sandbox is not in sync with the Podfile.lock. Run 'pod install' or update your CocoaPods installation.\nEOM\n    exit 1\nfi\n";
			showEnvVarsInLog = 0;
		};
		C43277CC2F911C95C10F9AB7 /* Embed Pods Frameworks */ = {
			isa = PBXShellScriptBuildPhase;
			buildActionMask = 2147483647;
			files = (
			);
			inputPaths = (
			);
			name = "Embed Pods Frameworks";
			outputPaths = (
			);
			runOnlyForDeploymentPostprocessing = 0;
			shellPath = /bin/sh;
			shellScript = "\"${SRCROOT}/Pods/Target Support Files/Pods-PHPHub/Pods-PHPHub-frameworks.sh\"\n";
			showEnvVarsInLog = 0;
		};
/* End PBXShellScriptBuildPhase section */

/* Begin PBXSourcesBuildPhase section */
		251E93E11C156E8800894F8C /* Sources */ = {
			isa = PBXSourcesBuildPhase;
			buildActionMask = 2147483647;
			files = (
				251E93ED1C156E8800894F8C /* SecondViewController.swift in Sources */,
				251E93E91C156E8800894F8C /* AppDelegate.swift in Sources */,
				251E93EB1C156E8800894F8C /* FirstViewController.swift in Sources */,
			);
			runOnlyForDeploymentPostprocessing = 0;
		};
		251E93F71C156E8800894F8C /* Sources */ = {
			isa = PBXSourcesBuildPhase;
			buildActionMask = 2147483647;
			files = (
				251E94001C156E8800894F8C /* PHPHubTests.swift in Sources */,
			);
			runOnlyForDeploymentPostprocessing = 0;
		};
/* End PBXSourcesBuildPhase section */

/* Begin PBXTargetDependency section */
		251E93FD1C156E8800894F8C /* PBXTargetDependency */ = {
			isa = PBXTargetDependency;
			target = 251E93E41C156E8800894F8C /* PHPHub */;
			targetProxy = 251E93FC1C156E8800894F8C /* PBXContainerItemProxy */;
		};
/* End PBXTargetDependency section */

/* Begin PBXVariantGroup section */
		251E93EE1C156E8800894F8C /* Main.storyboard */ = {
			isa = PBXVariantGroup;
			children = (
				251E93EF1C156E8800894F8C /* Base */,
			);
			name = Main.storyboard;
			sourceTree = "<group>";
		};
		251E93F31C156E8800894F8C /* LaunchScreen.storyboard */ = {
			isa = PBXVariantGroup;
			children = (
				251E93F41C156E8800894F8C /* Base */,
			);
			name = LaunchScreen.storyboard;
			sourceTree = "<group>";
		};
/* End PBXVariantGroup section */

/* Begin XCBuildConfiguration section */
		251E94021C156E8800894F8C /* Debug */ = {
			isa = XCBuildConfiguration;
			buildSettings = {
				ALWAYS_SEARCH_USER_PATHS = NO;
				CLANG_CXX_LANGUAGE_STANDARD = "gnu++0x";
				CLANG_CXX_LIBRARY = "libc++";
				CLANG_ENABLE_MODULES = YES;
				CLANG_ENABLE_OBJC_ARC = YES;
				CLANG_WARN_BOOL_CONVERSION = YES;
				CLANG_WARN_CONSTANT_CONVERSION = YES;
				CLANG_WARN_DIRECT_OBJC_ISA_USAGE = YES_ERROR;
				CLANG_WARN_EMPTY_BODY = YES;
				CLANG_WARN_ENUM_CONVERSION = YES;
				CLANG_WARN_INT_CONVERSION = YES;
				CLANG_WARN_OBJC_ROOT_CLASS = YES_ERROR;
				CLANG_WARN_UNREACHABLE_CODE = YES;
				CLANG_WARN__DUPLICATE_METHOD_MATCH = YES;
				"CODE_SIGN_IDENTITY[sdk=iphoneos*]" = "iPhone Developer";
				COPY_PHASE_STRIP = NO;
				DEBUG_INFORMATION_FORMAT = dwarf;
				ENABLE_STRICT_OBJC_MSGSEND = YES;
				ENABLE_TESTABILITY = YES;
				GCC_C_LANGUAGE_STANDARD = gnu99;
				GCC_DYNAMIC_NO_PIC = NO;
				GCC_NO_COMMON_BLOCKS = YES;
				GCC_OPTIMIZATION_LEVEL = 0;
				GCC_PREPROCESSOR_DEFINITIONS = (
					"DEBUG=1",
					"$(inherited)",
				);
				GCC_WARN_64_TO_32_BIT_CONVERSION = YES;
				GCC_WARN_ABOUT_RETURN_TYPE = YES_ERROR;
				GCC_WARN_UNDECLARED_SELECTOR = YES;
				GCC_WARN_UNINITIALIZED_AUTOS = YES_AGGRESSIVE;
				GCC_WARN_UNUSED_FUNCTION = YES;
				GCC_WARN_UNUSED_VARIABLE = YES;
				IPHONEOS_DEPLOYMENT_TARGET = 9.1;
				MTL_ENABLE_DEBUG_INFO = YES;
				ONLY_ACTIVE_ARCH = YES;
				SDKROOT = iphoneos;
				SWIFT_OPTIMIZATION_LEVEL = "-Onone";
				TARGETED_DEVICE_FAMILY = "1,2";
			};
			name = Debug;
		};
		251E94031C156E8800894F8C /* Release */ = {
			isa = XCBuildConfiguration;
			buildSettings = {
				ALWAYS_SEARCH_USER_PATHS = NO;
				CLANG_CXX_LANGUAGE_STANDARD = "gnu++0x";
				CLANG_CXX_LIBRARY = "libc++";
				CLANG_ENABLE_MODULES = YES;
				CLANG_ENABLE_OBJC_ARC = YES;
				CLANG_WARN_BOOL_CONVERSION = YES;
				CLANG_WARN_CONSTANT_CONVERSION = YES;
				CLANG_WARN_DIRECT_OBJC_ISA_USAGE = YES_ERROR;
				CLANG_WARN_EMPTY_BODY = YES;
				CLANG_WARN_ENUM_CONVERSION = YES;
				CLANG_WARN_INT_CONVERSION = YES;
				CLANG_WARN_OBJC_ROOT_CLASS = YES_ERROR;
				CLANG_WARN_UNREACHABLE_CODE = YES;
				CLANG_WARN__DUPLICATE_METHOD_MATCH = YES;
				"CODE_SIGN_IDENTITY[sdk=iphoneos*]" = "iPhone Developer";
				COPY_PHASE_STRIP = NO;
				DEBUG_INFORMATION_FORMAT = "dwarf-with-dsym";
				ENABLE_NS_ASSERTIONS = NO;
				ENABLE_STRICT_OBJC_MSGSEND = YES;
				GCC_C_LANGUAGE_STANDARD = gnu99;
				GCC_NO_COMMON_BLOCKS = YES;
				GCC_WARN_64_TO_32_BIT_CONVERSION = YES;
				GCC_WARN_ABOUT_RETURN_TYPE = YES_ERROR;
				GCC_WARN_UNDECLARED_SELECTOR = YES;
				GCC_WARN_UNINITIALIZED_AUTOS = YES_AGGRESSIVE;
				GCC_WARN_UNUSED_FUNCTION = YES;
				GCC_WARN_UNUSED_VARIABLE = YES;
				IPHONEOS_DEPLOYMENT_TARGET = 9.1;
				MTL_ENABLE_DEBUG_INFO = NO;
				SDKROOT = iphoneos;
				TARGETED_DEVICE_FAMILY = "1,2";
				VALIDATE_PRODUCT = YES;
			};
			name = Release;
		};
		251E94051C156E8800894F8C /* Debug */ = {
			isa = XCBuildConfiguration;
			baseConfigurationReference = 6787A7C6A353DD2C1941C434 /* Pods-PHPHub.debug.xcconfig */;
			buildSettings = {
				ASSETCATALOG_COMPILER_APPICON_NAME = AppIcon;
				INFOPLIST_FILE = PHPHub/Info.plist;
				IPHONEOS_DEPLOYMENT_TARGET = 9.0;
				LD_RUNPATH_SEARCH_PATHS = "$(inherited) @executable_path/Frameworks";
				PRODUCT_BUNDLE_IDENTIFIER = com.ninerec.PHPHub;
				PRODUCT_NAME = "$(TARGET_NAME)";
			};
			name = Debug;
		};
		251E94061C156E8800894F8C /* Release */ = {
			isa = XCBuildConfiguration;
			baseConfigurationReference = 894CC7717934CE3DAFCF95F7 /* Pods-PHPHub.release.xcconfig */;
			buildSettings = {
				ASSETCATALOG_COMPILER_APPICON_NAME = AppIcon;
				INFOPLIST_FILE = PHPHub/Info.plist;
				IPHONEOS_DEPLOYMENT_TARGET = 9.0;
				LD_RUNPATH_SEARCH_PATHS = "$(inherited) @executable_path/Frameworks";
				PRODUCT_BUNDLE_IDENTIFIER = com.ninerec.PHPHub;
				PRODUCT_NAME = "$(TARGET_NAME)";
			};
			name = Release;
		};
		251E94081C156E8800894F8C /* Debug */ = {
			isa = XCBuildConfiguration;
			buildSettings = {
				BUNDLE_LOADER = "$(TEST_HOST)";
				INFOPLIST_FILE = PHPHubTests/Info.plist;
				LD_RUNPATH_SEARCH_PATHS = "$(inherited) @executable_path/Frameworks @loader_path/Frameworks";
				PRODUCT_BUNDLE_IDENTIFIER = com.ninerec.PHPHubTests;
				PRODUCT_NAME = "$(TARGET_NAME)";
				TEST_HOST = "$(BUILT_PRODUCTS_DIR)/PHPHub.app/PHPHub";
			};
			name = Debug;
		};
		251E94091C156E8800894F8C /* Release */ = {
			isa = XCBuildConfiguration;
			buildSettings = {
				BUNDLE_LOADER = "$(TEST_HOST)";
				INFOPLIST_FILE = PHPHubTests/Info.plist;
				LD_RUNPATH_SEARCH_PATHS = "$(inherited) @executable_path/Frameworks @loader_path/Frameworks";
				PRODUCT_BUNDLE_IDENTIFIER = com.ninerec.PHPHubTests;
				PRODUCT_NAME = "$(TARGET_NAME)";
				TEST_HOST = "$(BUILT_PRODUCTS_DIR)/PHPHub.app/PHPHub";
			};
			name = Release;
		};
/* End XCBuildConfiguration section */

/* Begin XCConfigurationList section */
		251E93E01C156E8800894F8C /* Build configuration list for PBXProject "PHPHub" */ = {
			isa = XCConfigurationList;
			buildConfigurations = (
				251E94021C156E8800894F8C /* Debug */,
				251E94031C156E8800894F8C /* Release */,
			);
			defaultConfigurationIsVisible = 0;
			defaultConfigurationName = Release;
		};
		251E94041C156E8800894F8C /* Build configuration list for PBXNativeTarget "PHPHub" */ = {
			isa = XCConfigurationList;
			buildConfigurations = (
				251E94051C156E8800894F8C /* Debug */,
				251E94061C156E8800894F8C /* Release */,
			);
			defaultConfigurationIsVisible = 0;
			defaultConfigurationName = Release;
		};
		251E94071C156E8800894F8C /* Build configuration list for PBXNativeTarget "PHPHubTests" */ = {
			isa = XCConfigurationList;
			buildConfigurations = (
				251E94081C156E8800894F8C /* Debug */,
				251E94091C156E8800894F8C /* Release */,
			);
			defaultConfigurationIsVisible = 0;
			defaultConfigurationName = Release;
		};
/* End XCConfigurationList section */
	};
	rootObject = 251E93DD1C156E8800894F8C /* Project object */;
}
