// !$*UTF8*$!
{
	archiveVersion = 1;
	classes = {
	};
	objectVersion = 46;
	objects = {

/* Begin PBXBuildFile section */
		251E93E91C156E8800894F8C /* AppDelegate.swift in Sources */ = {isa = PBXBuildFile; fileRef = 251E93E81C156E8800894F8C /* AppDelegate.swift */; };
		251E93F21C156E8800894F8C /* Assets.xcassets in Resources */ = {isa = PBXBuildFile; fileRef = 251E93F11C156E8800894F8C /* Assets.xcassets */; };
		251E93F51C156E8800894F8C /* LaunchScreen.storyboard in Resources */ = {isa = PBXBuildFile; fileRef = 251E93F31C156E8800894F8C /* LaunchScreen.storyboard */; };
		251E94001C156E8800894F8C /* PHPHubTests.swift in Sources */ = {isa = PBXBuildFile; fileRef = 251E93FF1C156E8800894F8C /* PHPHubTests.swift */; };
		251E940F1C15B4FD00894F8C /* Me.storyboard in Resources */ = {isa = PBXBuildFile; fileRef = 251E940E1C15B4FD00894F8C /* Me.storyboard */; };
		251E94121C16778400894F8C /* Fornum.storyboard in Resources */ = {isa = PBXBuildFile; fileRef = 251E94111C16778400894F8C /* Fornum.storyboard */; };
		251E941A1C17D64500894F8C /* ForumViewController.swift in Sources */ = {isa = PBXBuildFile; fileRef = 251E94191C17D64500894F8C /* ForumViewController.swift */; };
		251E941C1C17E7E000894F8C /* Topic.storyboard in Resources */ = {isa = PBXBuildFile; fileRef = 251E941B1C17E7E000894F8C /* Topic.storyboard */; };
		251E941E1C17F2AA00894F8C /* TopicListTableViewCell.swift in Sources */ = {isa = PBXBuildFile; fileRef = 251E941D1C17F2AA00894F8C /* TopicListTableViewCell.swift */; };
		251E94211C180FB600894F8C /* TopicListTableViewController.swift in Sources */ = {isa = PBXBuildFile; fileRef = 251E94201C180FB600894F8C /* TopicListTableViewController.swift */; };
		251E942A1C181D4D00894F8C /* AlamofireExtension.swift in Sources */ = {isa = PBXBuildFile; fileRef = 251E94281C181D4D00894F8C /* AlamofireExtension.swift */; };
		251E942B1C181D4D00894F8C /* Router.swift in Sources */ = {isa = PBXBuildFile; fileRef = 251E94291C181D4D00894F8C /* Router.swift */; };
		251E94311C184FB800894F8C /* AppConfig.swift in Sources */ = {isa = PBXBuildFile; fileRef = 251E94301C184FB800894F8C /* AppConfig.swift */; };
		2524FFA61C197E4300706D56 /* NSDate+TimeAgoSince.swift in Sources */ = {isa = PBXBuildFile; fileRef = 2524FFA51C197E4300706D56 /* NSDate+TimeAgoSince.swift */; };
		2524FFAE1C19CF0900706D56 /* MainTabBarController.swift in Sources */ = {isa = PBXBuildFile; fileRef = 2524FFAD1C19CF0900706D56 /* MainTabBarController.swift */; };
		253304771C1D97ED00E3C5F3 /* AuthorizeApi.swift in Sources */ = {isa = PBXBuildFile; fileRef = 253304761C1D97ED00E3C5F3 /* AuthorizeApi.swift */; };
		2533047A1C1E9E5C00E3C5F3 /* AccessTokenHandler.swift in Sources */ = {isa = PBXBuildFile; fileRef = 253304791C1E9E5C00E3C5F3 /* AccessTokenHandler.swift */; };
		2533047D1C20079300E3C5F3 /* Topic.swift in Sources */ = {isa = PBXBuildFile; fileRef = 2533047C1C20079300E3C5F3 /* Topic.swift */; };
		2533047F1C20461900E3C5F3 /* User.swift in Sources */ = {isa = PBXBuildFile; fileRef = 2533047E1C20461900E3C5F3 /* User.swift */; };
		253304811C20615B00E3C5F3 /* Node.swift in Sources */ = {isa = PBXBuildFile; fileRef = 253304801C20615B00E3C5F3 /* Node.swift */; };
		253304831C20631300E3C5F3 /* TopicApi.swift in Sources */ = {isa = PBXBuildFile; fileRef = 253304821C20631300E3C5F3 /* TopicApi.swift */; };
		253304851C20636700E3C5F3 /* ApiHandler.swift in Sources */ = {isa = PBXBuildFile; fileRef = 253304841C20636700E3C5F3 /* ApiHandler.swift */; };
		2557FECF1C24087800961EF9 /* TopicDetailViewController.swift in Sources */ = {isa = PBXBuildFile; fileRef = 2557FECE1C24087800961EF9 /* TopicDetailViewController.swift */; };
		2557FED31C2A7EC900961EF9 /* CommetViewController.swift in Sources */ = {isa = PBXBuildFile; fileRef = 2557FED21C2A7EC900961EF9 /* CommetViewController.swift */; };
		6DDCE3C0C75815B4239B1EB2 /* Pods_PHPHub.framework in Frameworks */ = {isa = PBXBuildFile; fileRef = B1778C7C86A4B30F7DD48137 /* Pods_PHPHub.framework */; };
/* End PBXBuildFile section */

/* Begin PBXContainerItemProxy section */
		251E93FC1C156E8800894F8C /* PBXContainerItemProxy */ = {
			isa = PBXContainerItemProxy;
			containerPortal = 251E93DD1C156E8800894F8C /* Project object */;
			proxyType = 1;
			remoteGlobalIDString = 251E93E41C156E8800894F8C;
			remoteInfo = PHPHub;
		};
/* End PBXContainerItemProxy section */

/* Begin PBXFileReference section */
		251E93E51C156E8800894F8C /* PHPHub.app */ = {isa = PBXFileReference; explicitFileType = wrapper.application; includeInIndex = 0; path = PHPHub.app; sourceTree = BUILT_PRODUCTS_DIR; };
		251E93E81C156E8800894F8C /* AppDelegate.swift */ = {isa = PBXFileReference; lastKnownFileType = sourcecode.swift; path = AppDelegate.swift; sourceTree = "<group>"; };
		251E93F11C156E8800894F8C /* Assets.xcassets */ = {isa = PBXFileReference; lastKnownFileType = folder.assetcatalog; path = Assets.xcassets; sourceTree = "<group>"; };
		251E93F41C156E8800894F8C /* Base */ = {isa = PBXFileReference; lastKnownFileType = file.storyboard; name = Base; path = Base.lproj/LaunchScreen.storyboard; sourceTree = "<group>"; };
		251E93F61C156E8800894F8C /* Info.plist */ = {isa = PBXFileReference; lastKnownFileType = text.plist.xml; path = Info.plist; sourceTree = "<group>"; };
		251E93FB1C156E8800894F8C /* PHPHubTests.xctest */ = {isa = PBXFileReference; explicitFileType = wrapper.cfbundle; includeInIndex = 0; path = PHPHubTests.xctest; sourceTree = BUILT_PRODUCTS_DIR; };
		251E93FF1C156E8800894F8C /* PHPHubTests.swift */ = {isa = PBXFileReference; lastKnownFileType = sourcecode.swift; path = PHPHubTests.swift; sourceTree = "<group>"; };
		251E94011C156E8800894F8C /* Info.plist */ = {isa = PBXFileReference; lastKnownFileType = text.plist.xml; path = Info.plist; sourceTree = "<group>"; };
		251E940E1C15B4FD00894F8C /* Me.storyboard */ = {isa = PBXFileReference; fileEncoding = 4; lastKnownFileType = file.storyboard; name = Me.storyboard; path = Views/Me/Me.storyboard; sourceTree = "<group>"; };
		251E94111C16778400894F8C /* Fornum.storyboard */ = {isa = PBXFileReference; fileEncoding = 4; lastKnownFileType = file.storyboard; name = Fornum.storyboard; path = Views/Fornum/Fornum.storyboard; sourceTree = "<group>"; };
		251E94191C17D64500894F8C /* ForumViewController.swift */ = {isa = PBXFileReference; fileEncoding = 4; lastKnownFileType = sourcecode.swift; name = ForumViewController.swift; path = Controller/Fornum/ForumViewController.swift; sourceTree = "<group>"; };
		251E941B1C17E7E000894F8C /* Topic.storyboard */ = {isa = PBXFileReference; fileEncoding = 4; lastKnownFileType = file.storyboard; name = Topic.storyboard; path = Views/Topic/Topic.storyboard; sourceTree = "<group>"; };
		251E941D1C17F2AA00894F8C /* TopicListTableViewCell.swift */ = {isa = PBXFileReference; fileEncoding = 4; lastKnownFileType = sourcecode.swift; name = TopicListTableViewCell.swift; path = Views/Topic/TopicListTableViewCell.swift; sourceTree = "<group>"; };
		251E94201C180FB600894F8C /* TopicListTableViewController.swift */ = {isa = PBXFileReference; fileEncoding = 4; lastKnownFileType = sourcecode.swift; name = TopicListTableViewController.swift; path = Controller/Topic/TopicListTableViewController.swift; sourceTree = "<group>"; };
		251E94281C181D4D00894F8C /* AlamofireExtension.swift */ = {isa = PBXFileReference; fileEncoding = 4; lastKnownFileType = sourcecode.swift; name = AlamofireExtension.swift; path = Common/Network/AlamofireExtension.swift; sourceTree = "<group>"; };
		251E94291C181D4D00894F8C /* Router.swift */ = {isa = PBXFileReference; fileEncoding = 4; lastKnownFileType = sourcecode.swift; name = Router.swift; path = Common/Network/Router.swift; sourceTree = "<group>"; };
		251E94301C184FB800894F8C /* AppConfig.swift */ = {isa = PBXFileReference; fileEncoding = 4; lastKnownFileType = sourcecode.swift; name = AppConfig.swift; path = Common/AppConfig.swift; sourceTree = "<group>"; };
		2524FFA51C197E4300706D56 /* NSDate+TimeAgoSince.swift */ = {isa = PBXFileReference; fileEncoding = 4; lastKnownFileType = sourcecode.swift; name = "NSDate+TimeAgoSince.swift"; path = "Common/Utils/NSDate+TimeAgoSince.swift"; sourceTree = "<group>"; };
		2524FFAD1C19CF0900706D56 /* MainTabBarController.swift */ = {isa = PBXFileReference; fileEncoding = 4; lastKnownFileType = sourcecode.swift; name = MainTabBarController.swift; path = Controller/MainTabBar/MainTabBarController.swift; sourceTree = "<group>"; };
		253304761C1D97ED00E3C5F3 /* AuthorizeApi.swift */ = {isa = PBXFileReference; fileEncoding = 4; lastKnownFileType = sourcecode.swift; name = AuthorizeApi.swift; path = Apis/AuthorizeApi.swift; sourceTree = "<group>"; };
		253304791C1E9E5C00E3C5F3 /* AccessTokenHandler.swift */ = {isa = PBXFileReference; fileEncoding = 4; lastKnownFileType = sourcecode.swift; name = AccessTokenHandler.swift; path = Handlers/AccessTokenHandler.swift; sourceTree = "<group>"; };
		2533047C1C20079300E3C5F3 /* Topic.swift */ = {isa = PBXFileReference; fileEncoding = 4; lastKnownFileType = sourcecode.swift; name = Topic.swift; path = Models/Topic.swift; sourceTree = "<group>"; };
		2533047E1C20461900E3C5F3 /* User.swift */ = {isa = PBXFileReference; fileEncoding = 4; lastKnownFileType = sourcecode.swift; name = User.swift; path = Models/User.swift; sourceTree = "<group>"; };
		253304801C20615B00E3C5F3 /* Node.swift */ = {isa = PBXFileReference; fileEncoding = 4; lastKnownFileType = sourcecode.swift; name = Node.swift; path = Models/Node.swift; sourceTree = "<group>"; };
		253304821C20631300E3C5F3 /* TopicApi.swift */ = {isa = PBXFileReference; fileEncoding = 4; lastKnownFileType = sourcecode.swift; name = TopicApi.swift; path = Apis/TopicApi.swift; sourceTree = "<group>"; };
		253304841C20636700E3C5F3 /* ApiHandler.swift */ = {isa = PBXFileReference; fileEncoding = 4; lastKnownFileType = sourcecode.swift; name = ApiHandler.swift; path = Handlers/ApiHandler.swift; sourceTree = "<group>"; };
		2557FECE1C24087800961EF9 /* TopicDetailViewController.swift */ = {isa = PBXFileReference; fileEncoding = 4; lastKnownFileType = sourcecode.swift; path = TopicDetailViewController.swift; sourceTree = "<group>"; };
		2557FED21C2A7EC900961EF9 /* CommetViewController.swift */ = {isa = PBXFileReference; fileEncoding = 4; lastKnownFileType = sourcecode.swift; name = CommetViewController.swift; path = Controller/Topic/CommetViewController.swift; sourceTree = "<group>"; };
		6787A7C6A353DD2C1941C434 /* Pods-PHPHub.debug.xcconfig */ = {isa = PBXFileReference; includeInIndex = 1; lastKnownFileType = text.xcconfig; name = "Pods-PHPHub.debug.xcconfig"; path = "Pods/Target Support Files/Pods-PHPHub/Pods-PHPHub.debug.xcconfig"; sourceTree = "<group>"; };
		894CC7717934CE3DAFCF95F7 /* Pods-PHPHub.release.xcconfig */ = {isa = PBXFileReference; includeInIndex = 1; lastKnownFileType = text.xcconfig; name = "Pods-PHPHub.release.xcconfig"; path = "Pods/Target Support Files/Pods-PHPHub/Pods-PHPHub.release.xcconfig"; sourceTree = "<group>"; };
		B1778C7C86A4B30F7DD48137 /* Pods_PHPHub.framework */ = {isa = PBXFileReference; explicitFileType = wrapper.framework; includeInIndex = 0; path = Pods_PHPHub.framework; sourceTree = BUILT_PRODUCTS_DIR; };
/* End PBXFileReference section */

/* Begin PBXFrameworksBuildPhase section */
		251E93E21C156E8800894F8C /* Frameworks */ = {
			isa = PBXFrameworksBuildPhase;
			buildActionMask = 2147483647;
			files = (
				6DDCE3C0C75815B4239B1EB2 /* Pods_PHPHub.framework in Frameworks */,
			);
			runOnlyForDeploymentPostprocessing = 0;
		};
		251E93F81C156E8800894F8C /* Frameworks */ = {
			isa = PBXFrameworksBuildPhase;
			buildActionMask = 2147483647;
			files = (
			);
			runOnlyForDeploymentPostprocessing = 0;
		};
/* End PBXFrameworksBuildPhase section */

/* Begin PBXGroup section */
		251E93DC1C156E8800894F8C = {
			isa = PBXGroup;
			children = (
				251E93E71C156E8800894F8C /* PHPHub */,
				251E93FE1C156E8800894F8C /* PHPHubTests */,
				251E93E61C156E8800894F8C /* Products */,
				992670432FF310FCECBE8369 /* Pods */,
				2EAFB8CA29B5E9826B59510C /* Frameworks */,
			);
			sourceTree = "<group>";
		};
		251E93E61C156E8800894F8C /* Products */ = {
			isa = PBXGroup;
			children = (
				251E93E51C156E8800894F8C /* PHPHub.app */,
				251E93FB1C156E8800894F8C /* PHPHubTests.xctest */,
			);
			name = Products;
			sourceTree = "<group>";
		};
		251E93E71C156E8800894F8C /* PHPHub */ = {
			isa = PBXGroup;
			children = (
				253304781C1E9E3700E3C5F3 /* Handlers */,
				253304751C1D97C000E3C5F3 /* Apis */,
				251E94221C181BD900894F8C /* Models */,
				251E94171C17D5F400894F8C /* Controllers */,
				251E940B1C158EEC00894F8C /* Views */,
				251E940A1C158EAE00894F8C /* Common */,
				251E93E81C156E8800894F8C /* AppDelegate.swift */,
				251E93F11C156E8800894F8C /* Assets.xcassets */,
				251E93F61C156E8800894F8C /* Info.plist */,
			);
			path = PHPHub;
			sourceTree = "<group>";
		};
		251E93FE1C156E8800894F8C /* PHPHubTests */ = {
			isa = PBXGroup;
			children = (
				251E93FF1C156E8800894F8C /* PHPHubTests.swift */,
				251E94011C156E8800894F8C /* Info.plist */,
			);
			path = PHPHubTests;
			sourceTree = "<group>";
		};
		251E940A1C158EAE00894F8C /* Common */ = {
			isa = PBXGroup;
			children = (
				251E942C1C181D6300894F8C /* Utils */,
				251E94231C181C5D00894F8C /* Network */,
				251E94301C184FB800894F8C /* AppConfig.swift */,
			);
			name = Common;
			sourceTree = "<group>";
		};
		251E940B1C158EEC00894F8C /* Views */ = {
			isa = PBXGroup;
			children = (
				251E93F31C156E8800894F8C /* LaunchScreen.storyboard */,
				251E94101C16774900894F8C /* Fornum */,
				251E940D1C158F0400894F8C /* Topic */,
				251E940C1C158EF200894F8C /* Me */,
			);
			name = Views;
			sourceTree = "<group>";
		};
		251E940C1C158EF200894F8C /* Me */ = {
			isa = PBXGroup;
			children = (
				251E940E1C15B4FD00894F8C /* Me.storyboard */,
			);
			name = Me;
			sourceTree = "<group>";
		};
		251E940D1C158F0400894F8C /* Topic */ = {
			isa = PBXGroup;
			children = (
				251E941B1C17E7E000894F8C /* Topic.storyboard */,
				251E941D1C17F2AA00894F8C /* TopicListTableViewCell.swift */,
			);
			name = Topic;
			sourceTree = "<group>";
		};
		251E94101C16774900894F8C /* Fornum */ = {
			isa = PBXGroup;
			children = (
				251E94111C16778400894F8C /* Fornum.storyboard */,
			);
			name = Fornum;
			sourceTree = "<group>";
		};
		251E94171C17D5F400894F8C /* Controllers */ = {
			isa = PBXGroup;
			children = (
				2533047B1C1FE06A00E3C5F3 /* Essential */,
				2524FFAA1C19CE3900706D56 /* MainTabBar */,
				251E941F1C180F8A00894F8C /* Topic */,
				251E94181C17D5FB00894F8C /* Forum */,
			);
			name = Controllers;
			sourceTree = "<group>";
		};
		251E94181C17D5FB00894F8C /* Forum */ = {
			isa = PBXGroup;
			children = (
				251E94191C17D64500894F8C /* ForumViewController.swift */,
			);
			name = Forum;
			sourceTree = "<group>";
		};
		251E941F1C180F8A00894F8C /* Topic */ = {
			isa = PBXGroup;
			children = (
				251E94201C180FB600894F8C /* TopicListTableViewController.swift */,
				2557FECE1C24087800961EF9 /* TopicDetailViewController.swift */,
				2557FED21C2A7EC900961EF9 /* CommetViewController.swift */,
			);
			name = Topic;
			sourceTree = "<group>";
		};
		251E94221C181BD900894F8C /* Models */ = {
			isa = PBXGroup;
			children = (
				2533047C1C20079300E3C5F3 /* Topic.swift */,
				2533047E1C20461900E3C5F3 /* User.swift */,
				253304801C20615B00E3C5F3 /* Node.swift */,
			);
			name = Models;
			sourceTree = "<group>";
		};
		251E94231C181C5D00894F8C /* Network */ = {
			isa = PBXGroup;
			children = (
				251E94281C181D4D00894F8C /* AlamofireExtension.swift */,
				251E94291C181D4D00894F8C /* Router.swift */,
			);
			name = Network;
			sourceTree = "<group>";
		};
		251E942C1C181D6300894F8C /* Utils */ = {
			isa = PBXGroup;
			children = (
				2524FFA51C197E4300706D56 /* NSDate+TimeAgoSince.swift */,
			);
			name = Utils;
			sourceTree = "<group>";
		};
		2524FFAA1C19CE3900706D56 /* MainTabBar */ = {
			isa = PBXGroup;
			children = (
				2524FFAD1C19CF0900706D56 /* MainTabBarController.swift */,
			);
			name = MainTabBar;
			sourceTree = "<group>";
		};
		253304751C1D97C000E3C5F3 /* Apis */ = {
			isa = PBXGroup;
			children = (
				253304761C1D97ED00E3C5F3 /* AuthorizeApi.swift */,
				253304821C20631300E3C5F3 /* TopicApi.swift */,
			);
			name = Apis;
			sourceTree = "<group>";
		};
		253304781C1E9E3700E3C5F3 /* Handlers */ = {
			isa = PBXGroup;
			children = (
				253304791C1E9E5C00E3C5F3 /* AccessTokenHandler.swift */,
				253304841C20636700E3C5F3 /* ApiHandler.swift */,
			);
			name = Handlers;
			sourceTree = "<group>";
		};
		2533047B1C1FE06A00E3C5F3 /* Essential */ = {
			isa = PBXGroup;
			children = (
			);
			name = Essential;
			sourceTree = "<group>";
		};
		2EAFB8CA29B5E9826B59510C /* Frameworks */ = {
			isa = PBXGroup;
			children = (
				B1778C7C86A4B30F7DD48137 /* Pods_PHPHub.framework */,
			);
			name = Frameworks;
			sourceTree = "<group>";
		};
		992670432FF310FCECBE8369 /* Pods */ = {
			isa = PBXGroup;
			children = (
				6787A7C6A353DD2C1941C434 /* Pods-PHPHub.debug.xcconfig */,
				894CC7717934CE3DAFCF95F7 /* Pods-PHPHub.release.xcconfig */,
			);
			name = Pods;
			sourceTree = "<group>";
		};
/* End PBXGroup section */

/* Begin PBXNativeTarget section */
		251E93E41C156E8800894F8C /* PHPHub */ = {
			isa = PBXNativeTarget;
			buildConfigurationList = 251E94041C156E8800894F8C /* Build configuration list for PBXNativeTarget "PHPHub" */;
			buildPhases = (
				A5C9CB5C904AFADFCBE62C01 /* Check Pods Manifest.lock */,
				251E93E11C156E8800894F8C /* Sources */,
				251E93E21C156E8800894F8C /* Frameworks */,
				251E93E31C156E8800894F8C /* Resources */,
				C43277CC2F911C95C10F9AB7 /* Embed Pods Frameworks */,
				7E4FAE446BBA6E55161F4C4D /* Copy Pods Resources */,
			);
			buildRules = (
			);
			dependencies = (
			);
			name = PHPHub;
			productName = PHPHub;
			productReference = 251E93E51C156E8800894F8C /* PHPHub.app */;
			productType = "com.apple.product-type.application";
		};
		251E93FA1C156E8800894F8C /* PHPHubTests */ = {
			isa = PBXNativeTarget;
			buildConfigurationList = 251E94071C156E8800894F8C /* Build configuration list for PBXNativeTarget "PHPHubTests" */;
			buildPhases = (
				251E93F71C156E8800894F8C /* Sources */,
				251E93F81C156E8800894F8C /* Frameworks */,
				251E93F91C156E8800894F8C /* Resources */,
			);
			buildRules = (
			);
			dependencies = (
				251E93FD1C156E8800894F8C /* PBXTargetDependency */,
			);
			name = PHPHubTests;
			productName = PHPHubTests;
			productReference = 251E93FB1C156E8800894F8C /* PHPHubTests.xctest */;
			productType = "com.apple.product-type.bundle.unit-test";
		};
/* End PBXNativeTarget section */

/* Begin PBXProject section */
		251E93DD1C156E8800894F8C /* Project object */ = {
			isa = PBXProject;
			attributes = {
				LastSwiftUpdateCheck = 0710;
				LastUpgradeCheck = 0710;
				ORGANIZATIONNAME = ninerec;
				TargetAttributes = {
					251E93E41C156E8800894F8C = {
						CreatedOnToolsVersion = 7.1;
					};
					251E93FA1C156E8800894F8C = {
						CreatedOnToolsVersion = 7.1;
						TestTargetID = 251E93E41C156E8800894F8C;
					};
				};
			};
			buildConfigurationList = 251E93E01C156E8800894F8C /* Build configuration list for PBXProject "PHPHub" */;
			compatibilityVersion = "Xcode 3.2";
			developmentRegion = English;
			hasScannedForEncodings = 0;
			knownRegions = (
				en,
				Base,
			);
			mainGroup = 251E93DC1C156E8800894F8C;
			productRefGroup = 251E93E61C156E8800894F8C /* Products */;
			projectDirPath = "";
			projectRoot = "";
			targets = (
				251E93E41C156E8800894F8C /* PHPHub */,
				251E93FA1C156E8800894F8C /* PHPHubTests */,
			);
		};
/* End PBXProject section */

/* Begin PBXResourcesBuildPhase section */
		251E93E31C156E8800894F8C /* Resources */ = {
			isa = PBXResourcesBuildPhase;
			buildActionMask = 2147483647;
			files = (
				251E941C1C17E7E000894F8C /* Topic.storyboard in Resources */,
				251E93F51C156E8800894F8C /* LaunchScreen.storyboard in Resources */,
				251E93F21C156E8800894F8C /* Assets.xcassets in Resources */,
				251E940F1C15B4FD00894F8C /* Me.storyboard in Resources */,
				251E94121C16778400894F8C /* Fornum.storyboard in Resources */,
			);
			runOnlyForDeploymentPostprocessing = 0;
		};
		251E93F91C156E8800894F8C /* Resources */ = {
			isa = PBXResourcesBuildPhase;
			buildActionMask = 2147483647;
			files = (
			);
			runOnlyForDeploymentPostprocessing = 0;
		};
/* End PBXResourcesBuildPhase section */

/* Begin PBXShellScriptBuildPhase section */
		7E4FAE446BBA6E55161F4C4D /* Copy Pods Resources */ = {
			isa = PBXShellScriptBuildPhase;
			buildActionMask = 2147483647;
			files = (
			);
			inputPaths = (
			);
			name = "Copy Pods Resources";
			outputPaths = (
			);
			runOnlyForDeploymentPostprocessing = 0;
			shellPath = /bin/sh;
			shellScript = "\"${SRCROOT}/Pods/Target Support Files/Pods-PHPHub/Pods-PHPHub-resources.sh\"\n";
			showEnvVarsInLog = 0;
		};
		A5C9CB5C904AFADFCBE62C01 /* Check Pods Manifest.lock */ = {
			isa = PBXShellScriptBuildPhase;
			buildActionMask = 2147483647;
			files = (
			);
			inputPaths = (
			);
			name = "Check Pods Manifest.lock";
			outputPaths = (
			);
			runOnlyForDeploymentPostprocessing = 0;
			shellPath = /bin/sh;
			shellScript = "diff \"${PODS_ROOT}/../Podfile.lock\" \"${PODS_ROOT}/Manifest.lock\" > /dev/null\nif [[ $? != 0 ]] ; then\n    cat << EOM\nerror: The sandbox is not in sync with the Podfile.lock. Run 'pod install' or update your CocoaPods installation.\nEOM\n    exit 1\nfi\n";
			showEnvVarsInLog = 0;
		};
		C43277CC2F911C95C10F9AB7 /* Embed Pods Frameworks */ = {
			isa = PBXShellScriptBuildPhase;
			buildActionMask = 2147483647;
			files = (
			);
			inputPaths = (
			);
			name = "Embed Pods Frameworks";
			outputPaths = (
			);
			runOnlyForDeploymentPostprocessing = 0;
			shellPath = /bin/sh;
			shellScript = "\"${SRCROOT}/Pods/Target Support Files/Pods-PHPHub/Pods-PHPHub-frameworks.sh\"\n";
			showEnvVarsInLog = 0;
		};
/* End PBXShellScriptBuildPhase section */

/* Begin PBXSourcesBuildPhase section */
		251E93E11C156E8800894F8C /* Sources */ = {
			isa = PBXSourcesBuildPhase;
			buildActionMask = 2147483647;
			files = (
				2533047F1C20461900E3C5F3 /* User.swift in Sources */,
				253304831C20631300E3C5F3 /* TopicApi.swift in Sources */,
				251E94311C184FB800894F8C /* AppConfig.swift in Sources */,
				253304851C20636700E3C5F3 /* ApiHandler.swift in Sources */,
				2557FECF1C24087800961EF9 /* TopicDetailViewController.swift in Sources */,
				2533047D1C20079300E3C5F3 /* Topic.swift in Sources */,
				251E942B1C181D4D00894F8C /* Router.swift in Sources */,
				2524FFAE1C19CF0900706D56 /* MainTabBarController.swift in Sources */,
				2533047A1C1E9E5C00E3C5F3 /* AccessTokenHandler.swift in Sources */,
				251E941E1C17F2AA00894F8C /* TopicListTableViewCell.swift in Sources */,
				251E93E91C156E8800894F8C /* AppDelegate.swift in Sources */,
				251E942A1C181D4D00894F8C /* AlamofireExtension.swift in Sources */,
				253304771C1D97ED00E3C5F3 /* AuthorizeApi.swift in Sources */,
				2557FED31C2A7EC900961EF9 /* CommetViewController.swift in Sources */,
				251E94211C180FB600894F8C /* TopicListTableViewController.swift in Sources */,
				2524FFA61C197E4300706D56 /* NSDate+TimeAgoSince.swift in Sources */,
				251E941A1C17D64500894F8C /* ForumViewController.swift in Sources */,
				253304811C20615B00E3C5F3 /* Node.swift in Sources */,
			);
			runOnlyForDeploymentPostprocessing = 0;
		};
		251E93F71C156E8800894F8C /* Sources */ = {
			isa = PBXSourcesBuildPhase;
			buildActionMask = 2147483647;
			files = (
				251E94001C156E8800894F8C /* PHPHubTests.swift in Sources */,
			);
			runOnlyForDeploymentPostprocessing = 0;
		};
/* End PBXSourcesBuildPhase section */

/* Begin PBXTargetDependency section */
		251E93FD1C156E8800894F8C /* PBXTargetDependency */ = {
			isa = PBXTargetDependency;
			target = 251E93E41C156E8800894F8C /* PHPHub */;
			targetProxy = 251E93FC1C156E8800894F8C /* PBXContainerItemProxy */;
		};
/* End PBXTargetDependency section */

/* Begin PBXVariantGroup section */
		251E93F31C156E8800894F8C /* LaunchScreen.storyboard */ = {
			isa = PBXVariantGroup;
			children = (
				251E93F41C156E8800894F8C /* Base */,
			);
			name = LaunchScreen.storyboard;
			sourceTree = "<group>";
		};
/* End PBXVariantGroup section */

/* Begin XCBuildConfiguration section */
		251E94021C156E8800894F8C /* Debug */ = {
			isa = XCBuildConfiguration;
			buildSettings = {
				ALWAYS_SEARCH_USER_PATHS = NO;
				CLANG_CXX_LANGUAGE_STANDARD = "gnu++0x";
				CLANG_CXX_LIBRARY = "libc++";
				CLANG_ENABLE_MODULES = YES;
				CLANG_ENABLE_OBJC_ARC = YES;
				CLANG_WARN_BOOL_CONVERSION = YES;
				CLANG_WARN_CONSTANT_CONVERSION = YES;
				CLANG_WARN_DIRECT_OBJC_ISA_USAGE = YES_ERROR;
				CLANG_WARN_EMPTY_BODY = YES;
				CLANG_WARN_ENUM_CONVERSION = YES;
				CLANG_WARN_INT_CONVERSION = YES;
				CLANG_WARN_OBJC_ROOT_CLASS = YES_ERROR;
				CLANG_WARN_UNREACHABLE_CODE = YES;
				CLANG_WARN__DUPLICATE_METHOD_MATCH = YES;
				"CODE_SIGN_IDENTITY[sdk=iphoneos*]" = "iPhone Developer";
				COPY_PHASE_STRIP = NO;
				DEBUG_INFORMATION_FORMAT = dwarf;
				ENABLE_STRICT_OBJC_MSGSEND = YES;
				ENABLE_TESTABILITY = YES;
				GCC_C_LANGUAGE_STANDARD = gnu99;
				GCC_DYNAMIC_NO_PIC = NO;
				GCC_NO_COMMON_BLOCKS = YES;
				GCC_OPTIMIZATION_LEVEL = 0;
				GCC_PREPROCESSOR_DEFINITIONS = (
					"DEBUG=1",
					"$(inherited)",
				);
				GCC_WARN_64_TO_32_BIT_CONVERSION = YES;
				GCC_WARN_ABOUT_RETURN_TYPE = YES_ERROR;
				GCC_WARN_UNDECLARED_SELECTOR = YES;
				GCC_WARN_UNINITIALIZED_AUTOS = YES_AGGRESSIVE;
				GCC_WARN_UNUSED_FUNCTION = YES;
				GCC_WARN_UNUSED_VARIABLE = YES;
				IPHONEOS_DEPLOYMENT_TARGET = 9.1;
				MTL_ENABLE_DEBUG_INFO = YES;
				ONLY_ACTIVE_ARCH = YES;
				SDKROOT = iphoneos;
				SWIFT_OPTIMIZATION_LEVEL = "-Onone";
				TARGETED_DEVICE_FAMILY = "1,2";
			};
			name = Debug;
		};
		251E94031C156E8800894F8C /* Release */ = {
			isa = XCBuildConfiguration;
			buildSettings = {
				ALWAYS_SEARCH_USER_PATHS = NO;
				CLANG_CXX_LANGUAGE_STANDARD = "gnu++0x";
				CLANG_CXX_LIBRARY = "libc++";
				CLANG_ENABLE_MODULES = YES;
				CLANG_ENABLE_OBJC_ARC = YES;
				CLANG_WARN_BOOL_CONVERSION = YES;
				CLANG_WARN_CONSTANT_CONVERSION = YES;
				CLANG_WARN_DIRECT_OBJC_ISA_USAGE = YES_ERROR;
				CLANG_WARN_EMPTY_BODY = YES;
				CLANG_WARN_ENUM_CONVERSION = YES;
				CLANG_WARN_INT_CONVERSION = YES;
				CLANG_WARN_OBJC_ROOT_CLASS = YES_ERROR;
				CLANG_WARN_UNREACHABLE_CODE = YES;
				CLANG_WARN__DUPLICATE_METHOD_MATCH = YES;
				"CODE_SIGN_IDENTITY[sdk=iphoneos*]" = "iPhone Developer";
				COPY_PHASE_STRIP = NO;
				DEBUG_INFORMATION_FORMAT = "dwarf-with-dsym";
				ENABLE_NS_ASSERTIONS = NO;
				ENABLE_STRICT_OBJC_MSGSEND = YES;
				GCC_C_LANGUAGE_STANDARD = gnu99;
				GCC_NO_COMMON_BLOCKS = YES;
				GCC_WARN_64_TO_32_BIT_CONVERSION = YES;
				GCC_WARN_ABOUT_RETURN_TYPE = YES_ERROR;
				GCC_WARN_UNDECLARED_SELECTOR = YES;
				GCC_WARN_UNINITIALIZED_AUTOS = YES_AGGRESSIVE;
				GCC_WARN_UNUSED_FUNCTION = YES;
				GCC_WARN_UNUSED_VARIABLE = YES;
				IPHONEOS_DEPLOYMENT_TARGET = 9.1;
				MTL_ENABLE_DEBUG_INFO = NO;
				SDKROOT = iphoneos;
				TARGETED_DEVICE_FAMILY = "1,2";
				VALIDATE_PRODUCT = YES;
			};
			name = Release;
		};
		251E94051C156E8800894F8C /* Debug */ = {
			isa = XCBuildConfiguration;
			baseConfigurationReference = 6787A7C6A353DD2C1941C434 /* Pods-PHPHub.debug.xcconfig */;
			buildSettings = {
				ASSETCATALOG_COMPILER_APPICON_NAME = AppIcon;
				INFOPLIST_FILE = PHPHub/Info.plist;
				IPHONEOS_DEPLOYMENT_TARGET = 9.0;
				LD_RUNPATH_SEARCH_PATHS = "$(inherited) @executable_path/Frameworks";
				PRODUCT_BUNDLE_IDENTIFIER = com.ninerec.PHPHub;
				PRODUCT_NAME = "$(TARGET_NAME)";
			};
			name = Debug;
		};
		251E94061C156E8800894F8C /* Release */ = {
			isa = XCBuildConfiguration;
			baseConfigurationReference = 894CC7717934CE3DAFCF95F7 /* Pods-PHPHub.release.xcconfig */;
			buildSettings = {
				ASSETCATALOG_COMPILER_APPICON_NAME = AppIcon;
				INFOPLIST_FILE = PHPHub/Info.plist;
				IPHONEOS_DEPLOYMENT_TARGET = 9.0;
				LD_RUNPATH_SEARCH_PATHS = "$(inherited) @executable_path/Frameworks";
				PRODUCT_BUNDLE_IDENTIFIER = com.ninerec.PHPHub;
				PRODUCT_NAME = "$(TARGET_NAME)";
			};
			name = Release;
		};
		251E94081C156E8800894F8C /* Debug */ = {
			isa = XCBuildConfiguration;
			buildSettings = {
				BUNDLE_LOADER = "$(TEST_HOST)";
				INFOPLIST_FILE = PHPHubTests/Info.plist;
				LD_RUNPATH_SEARCH_PATHS = "$(inherited) @executable_path/Frameworks @loader_path/Frameworks";
				PRODUCT_BUNDLE_IDENTIFIER = com.ninerec.PHPHubTests;
				PRODUCT_NAME = "$(TARGET_NAME)";
				TEST_HOST = "$(BUILT_PRODUCTS_DIR)/PHPHub.app/PHPHub";
			};
			name = Debug;
		};
		251E94091C156E8800894F8C /* Release */ = {
			isa = XCBuildConfiguration;
			buildSettings = {
				BUNDLE_LOADER = "$(TEST_HOST)";
				INFOPLIST_FILE = PHPHubTests/Info.plist;
				LD_RUNPATH_SEARCH_PATHS = "$(inherited) @executable_path/Frameworks @loader_path/Frameworks";
				PRODUCT_BUNDLE_IDENTIFIER = com.ninerec.PHPHubTests;
				PRODUCT_NAME = "$(TARGET_NAME)";
				TEST_HOST = "$(BUILT_PRODUCTS_DIR)/PHPHub.app/PHPHub";
			};
			name = Release;
		};
/* End XCBuildConfiguration section */

/* Begin XCConfigurationList section */
		251E93E01C156E8800894F8C /* Build configuration list for PBXProject "PHPHub" */ = {
			isa = XCConfigurationList;
			buildConfigurations = (
				251E94021C156E8800894F8C /* Debug */,
				251E94031C156E8800894F8C /* Release */,
			);
			defaultConfigurationIsVisible = 0;
			defaultConfigurationName = Release;
		};
		251E94041C156E8800894F8C /* Build configuration list for PBXNativeTarget "PHPHub" */ = {
			isa = XCConfigurationList;
			buildConfigurations = (
				251E94051C156E8800894F8C /* Debug */,
				251E94061C156E8800894F8C /* Release */,
			);
			defaultConfigurationIsVisible = 0;
			defaultConfigurationName = Release;
		};
		251E94071C156E8800894F8C /* Build configuration list for PBXNativeTarget "PHPHubTests" */ = {
			isa = XCConfigurationList;
			buildConfigurations = (
				251E94081C156E8800894F8C /* Debug */,
				251E94091C156E8800894F8C /* Release */,
			);
			defaultConfigurationIsVisible = 0;
			defaultConfigurationName = Release;
		};
/* End XCConfigurationList section */
	};
	rootObject = 251E93DD1C156E8800894F8C /* Project object */;
}
